
Microsoft Visual Studio Solution File, Format Version 12.00
# Visual Studio Version 17
VisualStudioVersion = 17.5.33530.505
MinimumVisualStudioVersion = 10.0.40219.1
Project("{FAE04EC0-301F-11D3-BF4B-00C04F79EFBC}") = "Lab1", "Lab1\Lab1.csproj", "{C92D12F6-EDB7-49ED-88CB-4E7E62075D80}"
EndProject
Global
	GlobalSection(SolutionConfigurationPlatforms) = preSolution
		Debug|Any CPU = Debug|Any CPU
		Release|Any CPU = Release|Any CPU
	EndGlobalSection
	GlobalSection(ProjectConfigurationPlatforms) = postSolution
		{C92D12F6-EDB7-49ED-88CB-4E7E62075D80}.Debug|Any CPU.ActiveCfg = Debug|Any CPU
		{C92D12F6-EDB7-49ED-88CB-4E7E62075D80}.Debug|Any CPU.Build.0 = Debug|Any CPU
		{C92D12F6-EDB7-49ED-88CB-4E7E62075D80}.Release|Any CPU.ActiveCfg = Release|Any CPU
		{C92D12F6-EDB7-49ED-88CB-4E7E62075D80}.Release|Any CPU.Build.0 = Release|Any CPU
	EndGlobalSection
	GlobalSection(SolutionProperties) = preSolution
		HideSolutionNode = FALSE
	EndGlobalSection
	GlobalSection(ExtensibilityGlobals) = postSolution
		SolutionGuid = {5CE9653E-9552-4DAF-8F14-ACB806367BE5}
	EndGlobalSection
EndGlobal
